
Microsoft Visual Studio Solution File, Format Version 12.00
# Visual Studio Version 17
VisualStudioVersion = 17.6.33829.357
MinimumVisualStudioVersion = 10.0.40219.1
Project("{9A19103F-16F7-4668-BE54-9A1E7A4F7556}") = "1_DayWeek", "1_DayWeek\1_DayWeek.csproj", "{37353FE3-A90F-4BE1-B2AB-64AA16553344}"
EndProject
Project("{FAE04EC0-301F-11D3-BF4B-00C04F79EFBC}") = "2_WorkDay", "2_WorkDay\2_WorkDay.csproj", "{95173E54-BACA-439E-86CF-8BAF7F0E0BD7}"
EndProject
Project("{FAE04EC0-301F-11D3-BF4B-00C04F79EFBC}") = "3_Animal", "3_Animal\3_Animal.csproj", "{93A3CDF9-92C0-478D-B120-15A5DBA2FBFF}"
EndProject
Project("{FAE04EC0-301F-11D3-BF4B-00C04F79EFBC}") = "4_AgeSex", "4_AgeSex\4_AgeSex.csproj", "{791D06A2-892E-4954-81CF-3250EB15C1C6}"
EndProject
Project("{FAE04EC0-301F-11D3-BF4B-00C04F79EFBC}") = "5_SmallShop", "5_SmallShop\5_SmallShop.csproj", "{603F3A70-F1A5-4A64-88B6-DEBC5D2FD773}"
EndProject
Project("{FAE04EC0-301F-11D3-BF4B-00C04F79EFBC}") = "6_numInRange", "6_numInRange\6_numInRange.csproj", "{36D44A16-FAF0-4F17-88D5-768BD11D24C3}"
EndProject
Project("{FAE04EC0-301F-11D3-BF4B-00C04F79EFBC}") = "7_WorkingHours", "7_WorkingHours\7_WorkingHours.csproj", "{36448BA2-C26C-4594-AA06-0EF3F968D7B3}"
EndProject
Project("{FAE04EC0-301F-11D3-BF4B-00C04F79EFBC}") = "8_CinemaTickets", "8_CinemaTickets\8_CinemaTickets.csproj", "{9B65BD18-A394-425D-A025-F7DCAE310971}"
EndProject
Project("{FAE04EC0-301F-11D3-BF4B-00C04F79EFBC}") = "9_FruitsVegetavbles", "9_FruitsVegetavbles\9_FruitsVegetavbles.csproj", "{884527AB-306A-42A9-B542-15A8508F9AE1}"
EndProject
Project("{FAE04EC0-301F-11D3-BF4B-00C04F79EFBC}") = "10_InvalidNumber", "10_InvalidNumber\10_InvalidNumber.csproj", "{09575A46-C30A-4CBE-81A0-03B6072AAC4A}"
EndProject
Global
	GlobalSection(SolutionConfigurationPlatforms) = preSolution
		Debug|Any CPU = Debug|Any CPU
		Release|Any CPU = Release|Any CPU
	EndGlobalSection
	GlobalSection(ProjectConfigurationPlatforms) = postSolution
		{37353FE3-A90F-4BE1-B2AB-64AA16553344}.Debug|Any CPU.ActiveCfg = Debug|Any CPU
		{37353FE3-A90F-4BE1-B2AB-64AA16553344}.Debug|Any CPU.Build.0 = Debug|Any CPU
		{37353FE3-A90F-4BE1-B2AB-64AA16553344}.Release|Any CPU.ActiveCfg = Release|Any CPU
		{37353FE3-A90F-4BE1-B2AB-64AA16553344}.Release|Any CPU.Build.0 = Release|Any CPU
		{95173E54-BACA-439E-86CF-8BAF7F0E0BD7}.Debug|Any CPU.ActiveCfg = Debug|Any CPU
		{95173E54-BACA-439E-86CF-8BAF7F0E0BD7}.Debug|Any CPU.Build.0 = Debug|Any CPU
		{95173E54-BACA-439E-86CF-8BAF7F0E0BD7}.Release|Any CPU.ActiveCfg = Release|Any CPU
		{95173E54-BACA-439E-86CF-8BAF7F0E0BD7}.Release|Any CPU.Build.0 = Release|Any CPU
		{93A3CDF9-92C0-478D-B120-15A5DBA2FBFF}.Debug|Any CPU.ActiveCfg = Debug|Any CPU
		{93A3CDF9-92C0-478D-B120-15A5DBA2FBFF}.Debug|Any CPU.Build.0 = Debug|Any CPU
		{93A3CDF9-92C0-478D-B120-15A5DBA2FBFF}.Release|Any CPU.ActiveCfg = Release|Any CPU
		{93A3CDF9-92C0-478D-B120-15A5DBA2FBFF}.Release|Any CPU.Build.0 = Release|Any CPU
		{791D06A2-892E-4954-81CF-3250EB15C1C6}.Debug|Any CPU.ActiveCfg = Debug|Any CPU
		{791D06A2-892E-4954-81CF-3250EB15C1C6}.Debug|Any CPU.Build.0 = Debug|Any CPU
		{791D06A2-892E-4954-81CF-3250EB15C1C6}.Release|Any CPU.ActiveCfg = Release|Any CPU
		{791D06A2-892E-4954-81CF-3250EB15C1C6}.Release|Any CPU.Build.0 = Release|Any CPU
		{603F3A70-F1A5-4A64-88B6-DEBC5D2FD773}.Debug|Any CPU.ActiveCfg = Debug|Any CPU
		{603F3A70-F1A5-4A64-88B6-DEBC5D2FD773}.Debug|Any CPU.Build.0 = Debug|Any CPU
		{603F3A70-F1A5-4A64-88B6-DEBC5D2FD773}.Release|Any CPU.ActiveCfg = Release|Any CPU
		{603F3A70-F1A5-4A64-88B6-DEBC5D2FD773}.Release|Any CPU.Build.0 = Release|Any CPU
		{36D44A16-FAF0-4F17-88D5-768BD11D24C3}.Debug|Any CPU.ActiveCfg = Debug|Any CPU
		{36D44A16-FAF0-4F17-88D5-768BD11D24C3}.Debug|Any CPU.Build.0 = Debug|Any CPU
		{36D44A16-FAF0-4F17-88D5-768BD11D24C3}.Release|Any CPU.ActiveCfg = Release|Any CPU
		{36D44A16-FAF0-4F17-88D5-768BD11D24C3}.Release|Any CPU.Build.0 = Release|Any CPU
		{36448BA2-C26C-4594-AA06-0EF3F968D7B3}.Debug|Any CPU.ActiveCfg = Debug|Any CPU
		{36448BA2-C26C-4594-AA06-0EF3F968D7B3}.Debug|Any CPU.Build.0 = Debug|Any CPU
		{36448BA2-C26C-4594-AA06-0EF3F968D7B3}.Release|Any CPU.ActiveCfg = Release|Any CPU
		{36448BA2-C26C-4594-AA06-0EF3F968D7B3}.Release|Any CPU.Build.0 = Release|Any CPU
		{9B65BD18-A394-425D-A025-F7DCAE310971}.Debug|Any CPU.ActiveCfg = Debug|Any CPU
		{9B65BD18-A394-425D-A025-F7DCAE310971}.Debug|Any CPU.Build.0 = Debug|Any CPU
		{9B65BD18-A394-425D-A025-F7DCAE310971}.Release|Any CPU.ActiveCfg = Release|Any CPU
		{9B65BD18-A394-425D-A025-F7DCAE310971}.Release|Any CPU.Build.0 = Release|Any CPU
		{884527AB-306A-42A9-B542-15A8508F9AE1}.Debug|Any CPU.ActiveCfg = Debug|Any CPU
		{884527AB-306A-42A9-B542-15A8508F9AE1}.Debug|Any CPU.Build.0 = Debug|Any CPU
		{884527AB-306A-42A9-B542-15A8508F9AE1}.Release|Any CPU.ActiveCfg = Release|Any CPU
		{884527AB-306A-42A9-B542-15A8508F9AE1}.Release|Any CPU.Build.0 = Release|Any CPU
		{09575A46-C30A-4CBE-81A0-03B6072AAC4A}.Debug|Any CPU.ActiveCfg = Debug|Any CPU
		{09575A46-C30A-4CBE-81A0-03B6072AAC4A}.Debug|Any CPU.Build.0 = Debug|Any CPU
		{09575A46-C30A-4CBE-81A0-03B6072AAC4A}.Release|Any CPU.ActiveCfg = Release|Any CPU
		{09575A46-C30A-4CBE-81A0-03B6072AAC4A}.Release|Any CPU.Build.0 = Release|Any CPU
	EndGlobalSection
	GlobalSection(SolutionProperties) = preSolution
		HideSolutionNode = FALSE
	EndGlobalSection
	GlobalSection(ExtensibilityGlobals) = postSolution
		SolutionGuid = {85189EC9-BEA6-46B4-AF73-912CF933173C}
	EndGlobalSection
EndGlobal
